
Microsoft Visual Studio Solution File, Format Version 12.00
# Visual Studio Version 17
VisualStudioVersion = 17.13.35919.96 d17.13
MinimumVisualStudioVersion = 10.0.40219.1
Project("{FAE04EC0-301F-11D3-BF4B-00C04F79EFBC}") = "Form", "Form.csproj", "{609CA93E-76C1-4BF7-88F0-DFF1CF57A640}"
EndProject
Global
	GlobalSection(SolutionConfigurationPlatforms) = preSolution
		Debug|Any CPU = Debug|Any CPU
		Release|Any CPU = Release|Any CPU
	EndGlobalSection
	GlobalSection(ProjectConfigurationPlatforms) = postSolution
		{609CA93E-76C1-4BF7-88F0-DFF1CF57A640}.Debug|Any CPU.ActiveCfg = Debug|Any CPU
		{609CA93E-76C1-4BF7-88F0-DFF1CF57A640}.Debug|Any CPU.Build.0 = Debug|Any CPU
		{609CA93E-76C1-4BF7-88F0-DFF1CF57A640}.Release|Any CPU.ActiveCfg = Release|Any CPU
		{609CA93E-76C1-4BF7-88F0-DFF1CF57A640}.Release|Any CPU.Build.0 = Release|Any CPU
	EndGlobalSection
	GlobalSection(SolutionProperties) = preSolution
		HideSolutionNode = FALSE
	EndGlobalSection
	GlobalSection(ExtensibilityGlobals) = postSolution
		SolutionGuid = {56937225-070A-4908-875E-D96464D28C34}
	EndGlobalSection
EndGlobal
