
Microsoft Visual Studio Solution File, Format Version 12.00
# Visual Studio Version 17
VisualStudioVersion = 17.13.35919.96 d17.13
MinimumVisualStudioVersion = 10.0.40219.1
Project("{FAE04EC0-301F-11D3-BF4B-00C04F79EFBC}") = "Veiculo", "Veiculo\Veiculo.csproj", "{7602A044-F2BC-4F77-A3C8-8E23330E62EF}"
EndProject
Global
	GlobalSection(SolutionConfigurationPlatforms) = preSolution
		Debug|Any CPU = Debug|Any CPU
		Release|Any CPU = Release|Any CPU
	EndGlobalSection
	GlobalSection(ProjectConfigurationPlatforms) = postSolution
		{7602A044-F2BC-4F77-A3C8-8E23330E62EF}.Debug|Any CPU.ActiveCfg = Debug|Any CPU
		{7602A044-F2BC-4F77-A3C8-8E23330E62EF}.Debug|Any CPU.Build.0 = Debug|Any CPU
		{7602A044-F2BC-4F77-A3C8-8E23330E62EF}.Release|Any CPU.ActiveCfg = Release|Any CPU
		{7602A044-F2BC-4F77-A3C8-8E23330E62EF}.Release|Any CPU.Build.0 = Release|Any CPU
	EndGlobalSection
	GlobalSection(SolutionProperties) = preSolution
		HideSolutionNode = FALSE
	EndGlobalSection
	GlobalSection(ExtensibilityGlobals) = postSolution
		SolutionGuid = {98EF6A78-2ACA-4EF5-80C9-1CB67BD68A3D}
	EndGlobalSection
EndGlobal
