
Microsoft Visual Studio Solution File, Format Version 12.00
# Visual Studio Version 17
VisualStudioVersion = 17.14.36203.30 d17.14
MinimumVisualStudioVersion = 10.0.40219.1
Project("{FAE04EC0-301F-11D3-BF4B-00C04F79EFBC}") = "Maior_menor_com_vetores", "Maior_menor_com_vetores\Maior_menor_com_vetores.csproj", "{0080BE22-9656-4293-BC25-5224F7C31135}"
EndProject
Global
	GlobalSection(SolutionConfigurationPlatforms) = preSolution
		Debug|Any CPU = Debug|Any CPU
		Release|Any CPU = Release|Any CPU
	EndGlobalSection
	GlobalSection(ProjectConfigurationPlatforms) = postSolution
		{0080BE22-9656-4293-BC25-5224F7C31135}.Debug|Any CPU.ActiveCfg = Debug|Any CPU
		{0080BE22-9656-4293-BC25-5224F7C31135}.Debug|Any CPU.Build.0 = Debug|Any CPU
		{0080BE22-9656-4293-BC25-5224F7C31135}.Release|Any CPU.ActiveCfg = Release|Any CPU
		{0080BE22-9656-4293-BC25-5224F7C31135}.Release|Any CPU.Build.0 = Release|Any CPU
	EndGlobalSection
	GlobalSection(SolutionProperties) = preSolution
		HideSolutionNode = FALSE
	EndGlobalSection
	GlobalSection(ExtensibilityGlobals) = postSolution
		SolutionGuid = {08C15A52-F573-4A1E-B103-C49CF12DDCD0}
	EndGlobalSection
EndGlobal
