
Microsoft Visual Studio Solution File, Format Version 12.00
# Visual Studio Version 17
VisualStudioVersion = 17.14.36203.30 d17.14
MinimumVisualStudioVersion = 10.0.40219.1
Project("{FAE04EC0-301F-11D3-BF4B-00C04F79EFBC}") = "Sistema de Cadastro e Notas de Alunos", "Sistema de Cadastro e Notas de Alunos\Sistema de Cadastro e Notas de Alunos.csproj", "{F90F5486-9985-4266-90AD-9B1E60C57293}"
EndProject
Global
	GlobalSection(SolutionConfigurationPlatforms) = preSolution
		Debug|Any CPU = Debug|Any CPU
		Release|Any CPU = Release|Any CPU
	EndGlobalSection
	GlobalSection(ProjectConfigurationPlatforms) = postSolution
		{F90F5486-9985-4266-90AD-9B1E60C57293}.Debug|Any CPU.ActiveCfg = Debug|Any CPU
		{F90F5486-9985-4266-90AD-9B1E60C57293}.Debug|Any CPU.Build.0 = Debug|Any CPU
		{F90F5486-9985-4266-90AD-9B1E60C57293}.Release|Any CPU.ActiveCfg = Release|Any CPU
		{F90F5486-9985-4266-90AD-9B1E60C57293}.Release|Any CPU.Build.0 = Release|Any CPU
	EndGlobalSection
	GlobalSection(SolutionProperties) = preSolution
		HideSolutionNode = FALSE
	EndGlobalSection
	GlobalSection(ExtensibilityGlobals) = postSolution
		SolutionGuid = {C3B711B3-3553-4052-AD22-D4370FA88BAD}
	EndGlobalSection
EndGlobal
