
Microsoft Visual Studio Solution File, Format Version 12.00
# Visual Studio Version 17
VisualStudioVersion = 17.14.36203.30 d17.14
MinimumVisualStudioVersion = 10.0.40219.1
Project("{FAE04EC0-301F-11D3-BF4B-00C04F79EFBC}") = "Função quadrática", "Função quadrática\Função quadrática.csproj", "{EF3D5054-95DB-4689-8838-79D61DC20D5F}"
EndProject
Global
	GlobalSection(SolutionConfigurationPlatforms) = preSolution
		Debug|Any CPU = Debug|Any CPU
		Release|Any CPU = Release|Any CPU
	EndGlobalSection
	GlobalSection(ProjectConfigurationPlatforms) = postSolution
		{EF3D5054-95DB-4689-8838-79D61DC20D5F}.Debug|Any CPU.ActiveCfg = Debug|Any CPU
		{EF3D5054-95DB-4689-8838-79D61DC20D5F}.Debug|Any CPU.Build.0 = Debug|Any CPU
		{EF3D5054-95DB-4689-8838-79D61DC20D5F}.Release|Any CPU.ActiveCfg = Release|Any CPU
		{EF3D5054-95DB-4689-8838-79D61DC20D5F}.Release|Any CPU.Build.0 = Release|Any CPU
	EndGlobalSection
	GlobalSection(SolutionProperties) = preSolution
		HideSolutionNode = FALSE
	EndGlobalSection
	GlobalSection(ExtensibilityGlobals) = postSolution
		SolutionGuid = {393AAF4B-FA9E-404B-84BF-ACC21C64490E}
	EndGlobalSection
EndGlobal
