
Microsoft Visual Studio Solution File, Format Version 12.00
# Visual Studio Version 17
VisualStudioVersion = 17.13.35919.96 d17.13
MinimumVisualStudioVersion = 10.0.40219.1
Project("{FAE04EC0-301F-11D3-BF4B-00C04F79EFBC}") = "Calculadora Simples com Sub Rotinas", "Calculadora Simples com Sub Rotinas\Calculadora Simples com Sub Rotinas.csproj", "{F9092168-C6CE-455F-BCCE-BF48BF1AF7AE}"
EndProject
Global
	GlobalSection(SolutionConfigurationPlatforms) = preSolution
		Debug|Any CPU = Debug|Any CPU
		Release|Any CPU = Release|Any CPU
	EndGlobalSection
	GlobalSection(ProjectConfigurationPlatforms) = postSolution
		{F9092168-C6CE-455F-BCCE-BF48BF1AF7AE}.Debug|Any CPU.ActiveCfg = Debug|Any CPU
		{F9092168-C6CE-455F-BCCE-BF48BF1AF7AE}.Debug|Any CPU.Build.0 = Debug|Any CPU
		{F9092168-C6CE-455F-BCCE-BF48BF1AF7AE}.Release|Any CPU.ActiveCfg = Release|Any CPU
		{F9092168-C6CE-455F-BCCE-BF48BF1AF7AE}.Release|Any CPU.Build.0 = Release|Any CPU
	EndGlobalSection
	GlobalSection(SolutionProperties) = preSolution
		HideSolutionNode = FALSE
	EndGlobalSection
	GlobalSection(ExtensibilityGlobals) = postSolution
		SolutionGuid = {8CD5E29B-74DF-4AA7-96D9-C40A02E9A710}
	EndGlobalSection
EndGlobal
