
Microsoft Visual Studio Solution File, Format Version 12.00
# Visual Studio Version 17
VisualStudioVersion = 17.13.35919.96 d17.13
MinimumVisualStudioVersion = 10.0.40219.1
Project("{FAE04EC0-301F-11D3-BF4B-00C04F79EFBC}") = "Vetores (Arrays)", "Vetores (Arrays)\Vetores (Arrays).csproj", "{6FE9762D-38E7-4A72-96F4-37E91DE48117}"
EndProject
Global
	GlobalSection(SolutionConfigurationPlatforms) = preSolution
		Debug|Any CPU = Debug|Any CPU
		Release|Any CPU = Release|Any CPU
	EndGlobalSection
	GlobalSection(ProjectConfigurationPlatforms) = postSolution
		{6FE9762D-38E7-4A72-96F4-37E91DE48117}.Debug|Any CPU.ActiveCfg = Debug|Any CPU
		{6FE9762D-38E7-4A72-96F4-37E91DE48117}.Debug|Any CPU.Build.0 = Debug|Any CPU
		{6FE9762D-38E7-4A72-96F4-37E91DE48117}.Release|Any CPU.ActiveCfg = Release|Any CPU
		{6FE9762D-38E7-4A72-96F4-37E91DE48117}.Release|Any CPU.Build.0 = Release|Any CPU
	EndGlobalSection
	GlobalSection(SolutionProperties) = preSolution
		HideSolutionNode = FALSE
	EndGlobalSection
	GlobalSection(ExtensibilityGlobals) = postSolution
		SolutionGuid = {DB9B63B1-A3C5-4C53-9028-E3C13FAF3F17}
	EndGlobalSection
EndGlobal
