
Microsoft Visual Studio Solution File, Format Version 12.00
# Visual Studio Version 17
VisualStudioVersion = 17.13.35919.96 d17.13
MinimumVisualStudioVersion = 10.0.40219.1
Project("{FAE04EC0-301F-11D3-BF4B-00C04F79EFBC}") = "Lista de aprovado no concurso", "Lista de aprovado no concurso\Lista de aprovado no concurso.csproj", "{7CCA2704-450C-4426-81C6-DDCA14020BAA}"
EndProject
Global
	GlobalSection(SolutionConfigurationPlatforms) = preSolution
		Debug|Any CPU = Debug|Any CPU
		Release|Any CPU = Release|Any CPU
	EndGlobalSection
	GlobalSection(ProjectConfigurationPlatforms) = postSolution
		{7CCA2704-450C-4426-81C6-DDCA14020BAA}.Debug|Any CPU.ActiveCfg = Debug|Any CPU
		{7CCA2704-450C-4426-81C6-DDCA14020BAA}.Debug|Any CPU.Build.0 = Debug|Any CPU
		{7CCA2704-450C-4426-81C6-DDCA14020BAA}.Release|Any CPU.ActiveCfg = Release|Any CPU
		{7CCA2704-450C-4426-81C6-DDCA14020BAA}.Release|Any CPU.Build.0 = Release|Any CPU
	EndGlobalSection
	GlobalSection(SolutionProperties) = preSolution
		HideSolutionNode = FALSE
	EndGlobalSection
	GlobalSection(ExtensibilityGlobals) = postSolution
		SolutionGuid = {B4516A9F-0274-47C9-B847-8F1891927F16}
	EndGlobalSection
EndGlobal
