
Microsoft Visual Studio Solution File, Format Version 12.00
# Visual Studio Version 17
VisualStudioVersion = 17.13.35919.96 d17.13
MinimumVisualStudioVersion = 10.0.40219.1
Project("{FAE04EC0-301F-11D3-BF4B-00C04F79EFBC}") = "Menu com vetores", "Menu com vetores\Menu com vetores.csproj", "{745FE738-7F3B-4D10-9D34-0C0E0FBDDD53}"
EndProject
Global
	GlobalSection(SolutionConfigurationPlatforms) = preSolution
		Debug|Any CPU = Debug|Any CPU
		Release|Any CPU = Release|Any CPU
	EndGlobalSection
	GlobalSection(ProjectConfigurationPlatforms) = postSolution
		{745FE738-7F3B-4D10-9D34-0C0E0FBDDD53}.Debug|Any CPU.ActiveCfg = Debug|Any CPU
		{745FE738-7F3B-4D10-9D34-0C0E0FBDDD53}.Debug|Any CPU.Build.0 = Debug|Any CPU
		{745FE738-7F3B-4D10-9D34-0C0E0FBDDD53}.Release|Any CPU.ActiveCfg = Release|Any CPU
		{745FE738-7F3B-4D10-9D34-0C0E0FBDDD53}.Release|Any CPU.Build.0 = Release|Any CPU
	EndGlobalSection
	GlobalSection(SolutionProperties) = preSolution
		HideSolutionNode = FALSE
	EndGlobalSection
	GlobalSection(ExtensibilityGlobals) = postSolution
		SolutionGuid = {5F14F6AB-89BA-49A6-B4CF-8F89E6D1F1B5}
	EndGlobalSection
EndGlobal
